
Microsoft Visual Studio Solution File, Format Version 12.00
# Visual Studio Version 17
VisualStudioVersion = 17.0.31903.59
MinimumVisualStudioVersion = 10.0.40219.1
Project("{FAE04EC0-301F-11D3-BF4B-00C04F79EFBC}") = "lab_aspnet_mvc", "lab_aspnet_mvc\lab_aspnet_mvc.csproj", "{304A71A2-D962-4B05-9CB4-6E041052CEEC}"
EndProject
Global
	GlobalSection(SolutionConfigurationPlatforms) = preSolution
		Debug|Any CPU = Debug|Any CPU
		Release|Any CPU = Release|Any CPU
	EndGlobalSection
	GlobalSection(ProjectConfigurationPlatforms) = postSolution
		{304A71A2-D962-4B05-9CB4-6E041052CEEC}.Debug|Any CPU.ActiveCfg = Debug|Any CPU
		{304A71A2-D962-4B05-9CB4-6E041052CEEC}.Debug|Any CPU.Build.0 = Debug|Any CPU
		{304A71A2-D962-4B05-9CB4-6E041052CEEC}.Release|Any CPU.ActiveCfg = Release|Any CPU
		{304A71A2-D962-4B05-9CB4-6E041052CEEC}.Release|Any CPU.Build.0 = Release|Any CPU
	EndGlobalSection
	GlobalSection(SolutionProperties) = preSolution
		HideSolutionNode = FALSE
	EndGlobalSection
EndGlobal
